{
    "_readme": [
        "This file locks the dependencies of your project to a known state",
        "Read more about it at https://getcomposer.org/doc/01-basic-usage.md#composer-lock-the-lock-file",
        "This file is @generated automatically"
    ],
    "hash": "f0e88f9e07bb334272e267143ab2d805",
    "content-hash": "ae086b64c94ad733bc7abf4c57ea298f",
    "packages": [
        {
            "name": "adambrett/shell-wrapper",
            "version": "0.7",
            "source": {
                "type": "git",
                "url": "https://github.com/adambrett/php-shell-wrapper.git",
                "reference": "d1fb1a6061cf22a8a7136beeb15de8eeb34b2483"
            },
            "dist": {
                "type": "zip",
                "url": "https://api.github.com/repos/adambrett/php-shell-wrapper/zipball/d1fb1a6061cf22a8a7136beeb15de8eeb34b2483",
                "reference": "d1fb1a6061cf22a8a7136beeb15de8eeb34b2483",
                "shasum": ""
            },
            "require-dev": {
                "covex-nn/phpcb": "*@dev",
                "fzaninotto/faker": "*@dev",
                "mockery/mockery": "*@dev",
                "pdepend/pdepend": "*@dev",
                "phploc/phploc": "*@dev",
                "phpmd/phpmd": "*@dev",
                "phpunit/phpunit": "*@dev",
                "sebastian/phpcpd": "*@dev",
                "squizlabs/php_codesniffer": "*@dev"
            },
            "type": "library",
            "autoload": {
                "psr-4": {
                    "AdamBrett\\ShellWrapper\\": "src"
                }
            },
            "notification-url": "https://packagist.org/downloads/",
            "license": [
                "BDS-3-Clause"
            ],
            "authors": [
                {
                    "name": "Adam Brett",
                    "email": "adam@adambrett.co.uk"
                }
            ],
            "description": "An object oriented wrapper for shell commands",
            "time": "2016-03-24 14:54:33"
        },
        {
            "name": "components/jquery",
            "version": "3.1.1",
            "source": {
                "type": "git",
                "url": "https://github.com/components/jquery.git",
                "reference": "09a1658378bc1f818856086396ebeab7d0ec2276"
            },
            "dist": {
                "type": "zip",
                "url": "https://api.github.com/repos/components/jquery/zipball/09a1658378bc1f818856086396ebeab7d0ec2276",
                "reference": "09a1658378bc1f818856086396ebeab7d0ec2276",
                "shasum": ""
            },
            "type": "component",
            "extra": {
                "component": {
                    "scripts": [
                        "jquery.js"
                    ],
                    "files": [
                        "jquery.min.js",
                        "jquery.min.map"
                    ]
                }
            },
            "notification-url": "https://packagist.org/downloads/",
            "license": [
                "MIT"
            ],
            "authors": [
                {
                    "name": "John Resig",
                    "email": "jeresig@gmail.com"
                }
            ],
            "description": "jQuery JavaScript Library",
            "homepage": "http://jquery.com",
            "time": "2016-09-23 06:06:29"
        },
        {
            "name": "tcdent/php-restclient",
            "version": "0.1.5",
            "source": {
                "type": "git",
                "url": "https://github.com/tcdent/php-restclient.git",
                "reference": "5e9a2dd89f11cd9d9262cf889922fd9d13abda7b"
            },
            "dist": {
                "type": "zip",
                "url": "https://api.github.com/repos/tcdent/php-restclient/zipball/5e9a2dd89f11cd9d9262cf889922fd9d13abda7b",
                "reference": "5e9a2dd89f11cd9d9262cf889922fd9d13abda7b",
                "shasum": ""
            },
            "require": {
                "ext-curl": "*",
                "ext-json": "*",
                "php": ">=5.4.0"
            },
            "require-dev": {
                "php": ">=5.5.7",
                "phpunit/phpunit": ">=4.5"
            },
            "type": "library",
            "autoload": {
                "files": [
                    "restclient.php"
                ]
            },
            "notification-url": "https://packagist.org/downloads/",
            "license": [
                "MIT"
            ],
            "authors": [
                {
                    "name": "Travis Dent",
                    "email": "tcdent@gmail.com",
                    "role": "Developer"
                }
            ],
            "description": "A generic REST API client for PHP",
            "homepage": "http://github.com/tcdent/php-restclient",
            "keywords": [
                "api",
                "client",
                "curl",
                "json",
                "rest",
                "xml"
            ],
            "time": "2016-05-19 16:57:42"
        },
        {
            "name": "twig/twig",
            "version": "v1.28.2",
            "source": {
                "type": "git",
                "url": "https://github.com/twigphp/Twig.git",
                "reference": "b22ce0eb070e41f7cba65d78fe216de29726459c"
            },
            "dist": {
                "type": "zip",
                "url": "https://api.github.com/repos/twigphp/Twig/zipball/b22ce0eb070e41f7cba65d78fe216de29726459c",
                "reference": "b22ce0eb070e41f7cba65d78fe216de29726459c",
                "shasum": ""
            },
            "require": {
                "php": ">=5.2.7"
            },
            "require-dev": {
                "symfony/debug": "~2.7",
                "symfony/phpunit-bridge": "~3.2@dev"
            },
            "type": "library",
            "extra": {
                "branch-alias": {
                    "dev-master": "1.28-dev"
                }
            },
            "autoload": {
                "psr-0": {
                    "Twig_": "lib/"
                }
            },
            "notification-url": "https://packagist.org/downloads/",
            "license": [
                "BSD-3-Clause"
            ],
            "authors": [
                {
                    "name": "Fabien Potencier",
                    "email": "fabien@symfony.com",
                    "homepage": "http://fabien.potencier.org",
                    "role": "Lead Developer"
                },
                {
                    "name": "Armin Ronacher",
                    "email": "armin.ronacher@active-4.com",
                    "role": "Project Founder"
                },
                {
                    "name": "Twig Team",
                    "homepage": "http://twig.sensiolabs.org/contributors",
                    "role": "Contributors"
                }
            ],
            "description": "Twig, the flexible, fast, and secure template language for PHP",
            "homepage": "http://twig.sensiolabs.org",
            "keywords": [
                "templating"
            ],
            "time": "2016-11-23 18:41:40"
        }
    ],
    "packages-dev": [],
    "aliases": [],
    "minimum-stability": "stable",
    "stability-flags": [],
    "prefer-stable": false,
    "prefer-lowest": false,
    "platform": [],
    "platform-dev": []
}
